
Microsoft Visual Studio Solution File, Format Version 12.00
# Visual Studio Version 17
VisualStudioVersion = 17.6.33829.357
MinimumVisualStudioVersion = 10.0.40219.1
Project("{FAE04EC0-301F-11D3-BF4B-00C04F79EFBC}") = "FirstSelenium", "FirstSelenium\FirstSelenium.csproj", "{A9008B0E-B31D-4F24-8C57-DAE0DA8F2579}"
EndProject
Global
	GlobalSection(SolutionConfigurationPlatforms) = preSolution
		Debug|Any CPU = Debug|Any CPU
		Release|Any CPU = Release|Any CPU
	EndGlobalSection
	GlobalSection(ProjectConfigurationPlatforms) = postSolution
		{A9008B0E-B31D-4F24-8C57-DAE0DA8F2579}.Debug|Any CPU.ActiveCfg = Debug|Any CPU
		{A9008B0E-B31D-4F24-8C57-DAE0DA8F2579}.Debug|Any CPU.Build.0 = Debug|Any CPU
		{A9008B0E-B31D-4F24-8C57-DAE0DA8F2579}.Release|Any CPU.ActiveCfg = Release|Any CPU
		{A9008B0E-B31D-4F24-8C57-DAE0DA8F2579}.Release|Any CPU.Build.0 = Release|Any CPU
	EndGlobalSection
	GlobalSection(SolutionProperties) = preSolution
		HideSolutionNode = FALSE
	EndGlobalSection
	GlobalSection(ExtensibilityGlobals) = postSolution
		SolutionGuid = {FD2249F0-4893-4A52-B5D3-A18D414728A6}
	EndGlobalSection
EndGlobal
